
Microsoft Visual Studio Solution File, Format Version 12.00
# Visual Studio Version 16
VisualStudioVersion = 16.0.29806.167
MinimumVisualStudioVersion = 10.0.40219.1
Project("{FAE04EC0-301F-11D3-BF4B-00C04F79EFBC}") = "Generate File Logs", "Generate File Logs\Generate File Logs.csproj", "{AC33F182-9977-4F6F-9244-7F14555852F4}"
EndProject
Global
	GlobalSection(SolutionConfigurationPlatforms) = preSolution
		Debug|Any CPU = Debug|Any CPU
		Release|Any CPU = Release|Any CPU
	EndGlobalSection
	GlobalSection(ProjectConfigurationPlatforms) = postSolution
		{AC33F182-9977-4F6F-9244-7F14555852F4}.Debug|Any CPU.ActiveCfg = Debug|Any CPU
		{AC33F182-9977-4F6F-9244-7F14555852F4}.Debug|Any CPU.Build.0 = Debug|Any CPU
		{AC33F182-9977-4F6F-9244-7F14555852F4}.Release|Any CPU.ActiveCfg = Release|Any CPU
		{AC33F182-9977-4F6F-9244-7F14555852F4}.Release|Any CPU.Build.0 = Release|Any CPU
	EndGlobalSection
	GlobalSection(SolutionProperties) = preSolution
		HideSolutionNode = FALSE
	EndGlobalSection
	GlobalSection(ExtensibilityGlobals) = postSolution
		SolutionGuid = {DA8AF67B-B2DE-4F08-BEDB-B74BD20E099C}
	EndGlobalSection
EndGlobal
